
Microsoft Visual Studio Solution File, Format Version 12.00
Project("{8BC9CEB8-8B4A-11D0-8D11-00A0C91BC942}") = "Cour_24_11_2022", "Cour_24_11_2022\Cour_24_11_2022.vcxproj", "{C6DED2EA-6131-4228-8773-36C2A9874DCC}"
EndProject
Global
	GlobalSection(SolutionConfigurationPlatforms) = preSolution
		Debug|Win32 = Debug|Win32
		Debug|x64 = Debug|x64
		Release|Win32 = Release|Win32
		Release|x64 = Release|x64
	EndGlobalSection
	GlobalSection(ProjectConfigurationPlatforms) = postSolution
		{C6DED2EA-6131-4228-8773-36C2A9874DCC}.Debug|Win32.ActiveCfg = Debug|Win32
		{C6DED2EA-6131-4228-8773-36C2A9874DCC}.Debug|Win32.Build.0 = Debug|Win32
		{C6DED2EA-6131-4228-8773-36C2A9874DCC}.Debug|x64.ActiveCfg = Debug|x64
		{C6DED2EA-6131-4228-8773-36C2A9874DCC}.Debug|x64.Build.0 = Debug|x64
		{C6DED2EA-6131-4228-8773-36C2A9874DCC}.Release|Win32.ActiveCfg = Release|Win32
		{C6DED2EA-6131-4228-8773-36C2A9874DCC}.Release|Win32.Build.0 = Release|Win32
		{C6DED2EA-6131-4228-8773-36C2A9874DCC}.Release|x64.ActiveCfg = Release|x64
		{C6DED2EA-6131-4228-8773-36C2A9874DCC}.Release|x64.Build.0 = Release|x64
	EndGlobalSection
EndGlobal
